// !$*UTF8*$!
{
	archiveVersion = 1;
	classes = {
	};
	objectVersion = 56;
	objects = {

/* Begin PBXBuildFile section */
		2127817A2BD8627F00A68BFA /* Event.swift in Sources */ = {isa = PBXBuildFile; fileRef = 212781792BD8627F00A68BFA /* Event.swift */; };
		2127817C2BD8629700A68BFA /* EventRowController.swift in Sources */ = {isa = PBXBuildFile; fileRef = 2127817B2BD8629700A68BFA /* EventRowController.swift */; };
		2127817E2BD862B200A68BFA /* EventDetailController.swift in Sources */ = {isa = PBXBuildFile; fileRef = 2127817D2BD862B200A68BFA /* EventDetailController.swift */; };
		212781802BD862C700A68BFA /* Utilities.swift in Sources */ = {isa = PBXBuildFile; fileRef = 2127817F2BD862C700A68BFA /* Utilities.swift */; };
		21A34E2E2BD72F9A00907D74 /* UniTe Watch App.app in Embed Watch Content */ = {isa = PBXBuildFile; fileRef = 21A34E2D2BD72F9A00907D74 /* UniTe Watch App.app */; settings = {ATTRIBUTES = (RemoveHeadersOnCopy, ); }; };
		21A34E332BD72F9A00907D74 /* UniTeApp.swift in Sources */ = {isa = PBXBuildFile; fileRef = 21A34E322BD72F9A00907D74 /* UniTeApp.swift */; };
		21A34E352BD72F9A00907D74 /* ContentView.swift in Sources */ = {isa = PBXBuildFile; fileRef = 21A34E342BD72F9A00907D74 /* ContentView.swift */; };
		21A34E372BD72FA000907D74 /* Assets.xcassets in Resources */ = {isa = PBXBuildFile; fileRef = 21A34E362BD72FA000907D74 /* Assets.xcassets */; };
		21A34E3A2BD72FA000907D74 /* Preview Assets.xcassets in Resources */ = {isa = PBXBuildFile; fileRef = 21A34E392BD72FA000907D74 /* Preview Assets.xcassets */; };
/* End PBXBuildFile section */

/* Begin PBXContainerItemProxy section */
		21A34E2F2BD72F9A00907D74 /* PBXContainerItemProxy */ = {
			isa = PBXContainerItemProxy;
			containerPortal = 21A34E212BD72F9A00907D74 /* Project object */;
			proxyType = 1;
			remoteGlobalIDString = 21A34E2C2BD72F9A00907D74;
			remoteInfo = "UniTe Watch App";
		};
/* End PBXContainerItemProxy section */

/* Begin PBXCopyFilesBuildPhase section */
		21A34E402BD72FA000907D74 /* Embed Watch Content */ = {
			isa = PBXCopyFilesBuildPhase;
			buildActionMask = 2147483647;
			dstPath = "$(CONTENTS_FOLDER_PATH)/Watch";
			dstSubfolderSpec = 16;
			files = (
				21A34E2E2BD72F9A00907D74 /* UniTe Watch App.app in Embed Watch Content */,
			);
			name = "Embed Watch Content";
			runOnlyForDeploymentPostprocessing = 0;
		};
/* End PBXCopyFilesBuildPhase section */

/* Begin PBXFileReference section */
		212781792BD8627F00A68BFA /* Event.swift */ = {isa = PBXFileReference; lastKnownFileType = sourcecode.swift; path = Event.swift; sourceTree = "<group>"; };
		2127817B2BD8629700A68BFA /* EventRowController.swift */ = {isa = PBXFileReference; lastKnownFileType = sourcecode.swift; path = EventRowController.swift; sourceTree = "<group>"; };
		2127817D2BD862B200A68BFA /* EventDetailController.swift */ = {isa = PBXFileReference; lastKnownFileType = sourcecode.swift; path = EventDetailController.swift; sourceTree = "<group>"; };
		2127817F2BD862C700A68BFA /* Utilities.swift */ = {isa = PBXFileReference; lastKnownFileType = sourcecode.swift; path = Utilities.swift; sourceTree = "<group>"; };
		21A34E272BD72F9A00907D74 /* UniTe.app */ = {isa = PBXFileReference; explicitFileType = wrapper.application; includeInIndex = 0; path = UniTe.app; sourceTree = BUILT_PRODUCTS_DIR; };
		21A34E2D2BD72F9A00907D74 /* UniTe Watch App.app */ = {isa = PBXFileReference; explicitFileType = wrapper.application; includeInIndex = 0; path = "UniTe Watch App.app"; sourceTree = BUILT_PRODUCTS_DIR; };
		21A34E322BD72F9A00907D74 /* UniTeApp.swift */ = {isa = PBXFileReference; lastKnownFileType = sourcecode.swift; path = UniTeApp.swift; sourceTree = "<group>"; };
		21A34E342BD72F9A00907D74 /* ContentView.swift */ = {isa = PBXFileReference; lastKnownFileType = sourcecode.swift; path = ContentView.swift; sourceTree = "<group>"; };
		21A34E362BD72FA000907D74 /* Assets.xcassets */ = {isa = PBXFileReference; lastKnownFileType = folder.assetcatalog; path = Assets.xcassets; sourceTree = "<group>"; };
		21A34E392BD72FA000907D74 /* Preview Assets.xcassets */ = {isa = PBXFileReference; lastKnownFileType = folder.assetcatalog; path = "Preview Assets.xcassets"; sourceTree = "<group>"; };
/* End PBXFileReference section */

/* Begin PBXFrameworksBuildPhase section */
		21A34E2A2BD72F9A00907D74 /* Frameworks */ = {
			isa = PBXFrameworksBuildPhase;
			buildActionMask = 2147483647;
			files = (
			);
			runOnlyForDeploymentPostprocessing = 0;
		};
/* End PBXFrameworksBuildPhase section */

/* Begin PBXGroup section */
		21A34E202BD72F9A00907D74 = {
			isa = PBXGroup;
			children = (
				21A34E312BD72F9A00907D74 /* UniTe Watch App */,
				21A34E282BD72F9A00907D74 /* Products */,
			);
			sourceTree = "<group>";
		};
		21A34E282BD72F9A00907D74 /* Products */ = {
			isa = PBXGroup;
			children = (
				21A34E272BD72F9A00907D74 /* UniTe.app */,
				21A34E2D2BD72F9A00907D74 /* UniTe Watch App.app */,
			);
			name = Products;
			sourceTree = "<group>";
		};
		21A34E312BD72F9A00907D74 /* UniTe Watch App */ = {
			isa = PBXGroup;
			children = (
				21A34E322BD72F9A00907D74 /* UniTeApp.swift */,
				21A34E342BD72F9A00907D74 /* ContentView.swift */,
				21A34E362BD72FA000907D74 /* Assets.xcassets */,
				21A34E382BD72FA000907D74 /* Preview Content */,
				212781792BD8627F00A68BFA /* Event.swift */,
				2127817B2BD8629700A68BFA /* EventRowController.swift */,
				2127817D2BD862B200A68BFA /* EventDetailController.swift */,
				2127817F2BD862C700A68BFA /* Utilities.swift */,
			);
			path = "UniTe Watch App";
			sourceTree = "<group>";
		};
		21A34E382BD72FA000907D74 /* Preview Content */ = {
			isa = PBXGroup;
			children = (
				21A34E392BD72FA000907D74 /* Preview Assets.xcassets */,
			);
			path = "Preview Content";
			sourceTree = "<group>";
		};
/* End PBXGroup section */

/* Begin PBXNativeTarget section */
		21A34E262BD72F9A00907D74 /* UniTe */ = {
			isa = PBXNativeTarget;
			buildConfigurationList = 21A34E412BD72FA000907D74 /* Build configuration list for PBXNativeTarget "UniTe" */;
			buildPhases = (
				21A34E252BD72F9A00907D74 /* Resources */,
				21A34E402BD72FA000907D74 /* Embed Watch Content */,
			);
			buildRules = (
			);
			dependencies = (
				21A34E302BD72F9A00907D74 /* PBXTargetDependency */,
			);
			name = UniTe;
			productName = UniTe;
			productReference = 21A34E272BD72F9A00907D74 /* UniTe.app */;
			productType = "com.apple.product-type.application.watchapp2-container";
		};
		21A34E2C2BD72F9A00907D74 /* UniTe Watch App */ = {
			isa = PBXNativeTarget;
			buildConfigurationList = 21A34E3D2BD72FA000907D74 /* Build configuration list for PBXNativeTarget "UniTe Watch App" */;
			buildPhases = (
				21A34E292BD72F9A00907D74 /* Sources */,
				21A34E2A2BD72F9A00907D74 /* Frameworks */,
				21A34E2B2BD72F9A00907D74 /* Resources */,
			);
			buildRules = (
			);
			dependencies = (
			);
			name = "UniTe Watch App";
			productName = "UniTe Watch App";
			productReference = 21A34E2D2BD72F9A00907D74 /* UniTe Watch App.app */;
			productType = "com.apple.product-type.application";
		};
/* End PBXNativeTarget section */

/* Begin PBXProject section */
		21A34E212BD72F9A00907D74 /* Project object */ = {
			isa = PBXProject;
			attributes = {
				BuildIndependentTargetsInParallel = 1;
				LastSwiftUpdateCheck = 1530;
				LastUpgradeCheck = 1530;
				TargetAttributes = {
					21A34E262BD72F9A00907D74 = {
						CreatedOnToolsVersion = 15.3;
					};
					21A34E2C2BD72F9A00907D74 = {
						CreatedOnToolsVersion = 15.3;
					};
				};
			};
			buildConfigurationList = 21A34E242BD72F9A00907D74 /* Build configuration list for PBXProject "UniTe" */;
			compatibilityVersion = "Xcode 14.0";
			developmentRegion = en;
			hasScannedForEncodings = 0;
			knownRegions = (
				en,
				Base,
			);
			mainGroup = 21A34E202BD72F9A00907D74;
			productRefGroup = 21A34E282BD72F9A00907D74 /* Products */;
			projectDirPath = "";
			projectRoot = "";
			targets = (
				21A34E262BD72F9A00907D74 /* UniTe */,
				21A34E2C2BD72F9A00907D74 /* UniTe Watch App */,
			);
		};
/* End PBXProject section */

/* Begin PBXResourcesBuildPhase section */
		21A34E252BD72F9A00907D74 /* Resources */ = {
			isa = PBXResourcesBuildPhase;
			buildActionMask = 2147483647;
			files = (
			);
			runOnlyForDeploymentPostprocessing = 0;
		};
		21A34E2B2BD72F9A00907D74 /* Resources */ = {
			isa = PBXResourcesBuildPhase;
			buildActionMask = 2147483647;
			files = (
				21A34E3A2BD72FA000907D74 /* Preview Assets.xcassets in Resources */,
				21A34E372BD72FA000907D74 /* Assets.xcassets in Resources */,
			);
			runOnlyForDeploymentPostprocessing = 0;
		};
/* End PBXResourcesBuildPhase section */

/* Begin PBXSourcesBuildPhase section */
		21A34E292BD72F9A00907D74 /* Sources */ = {
			isa = PBXSourcesBuildPhase;
			buildActionMask = 2147483647;
			files = (
				212781802BD862C700A68BFA /* Utilities.swift in Sources */,
				2127817E2BD862B200A68BFA /* EventDetailController.swift in Sources */,
				21A34E352BD72F9A00907D74 /* ContentView.swift in Sources */,
				2127817C2BD8629700A68BFA /* EventRowController.swift in Sources */,
				2127817A2BD8627F00A68BFA /* Event.swift in Sources */,
				21A34E332BD72F9A00907D74 /* UniTeApp.swift in Sources */,
			);
			runOnlyForDeploymentPostprocessing = 0;
		};
/* End PBXSourcesBuildPhase section */

/* Begin PBXTargetDependency section */
		21A34E302BD72F9A00907D74 /* PBXTargetDependency */ = {
			isa = PBXTargetDependency;
			target = 21A34E2C2BD72F9A00907D74 /* UniTe Watch App */;
			targetProxy = 21A34E2F2BD72F9A00907D74 /* PBXContainerItemProxy */;
		};
/* End PBXTargetDependency section */

/* Begin XCBuildConfiguration section */
		21A34E3B2BD72FA000907D74 /* Debug */ = {
			isa = XCBuildConfiguration;
			buildSettings = {
				ALWAYS_SEARCH_USER_PATHS = NO;
				ASSETCATALOG_COMPILER_GENERATE_SWIFT_ASSET_SYMBOL_EXTENSIONS = YES;
				CLANG_ANALYZER_NONNULL = YES;
				CLANG_ANALYZER_NUMBER_OBJECT_CONVERSION = YES_AGGRESSIVE;
				CLANG_CXX_LANGUAGE_STANDARD = "gnu++20";
				CLANG_ENABLE_MODULES = YES;
				CLANG_ENABLE_OBJC_ARC = YES;
				CLANG_ENABLE_OBJC_WEAK = YES;
				CLANG_WARN_BLOCK_CAPTURE_AUTORELEASING = YES;
				CLANG_WARN_BOOL_CONVERSION = YES;
				CLANG_WARN_COMMA = YES;
				CLANG_WARN_CONSTANT_CONVERSION = YES;
				CLANG_WARN_DEPRECATED_OBJC_IMPLEMENTATIONS = YES;
				CLANG_WARN_DIRECT_OBJC_ISA_USAGE = YES_ERROR;
				CLANG_WARN_DOCUMENTATION_COMMENTS = YES;
				CLANG_WARN_EMPTY_BODY = YES;
				CLANG_WARN_ENUM_CONVERSION = YES;
				CLANG_WARN_INFINITE_RECURSION = YES;
				CLANG_WARN_INT_CONVERSION = YES;
				CLANG_WARN_NON_LITERAL_NULL_CONVERSION = YES;
				CLANG_WARN_OBJC_IMPLICIT_RETAIN_SELF = YES;
				CLANG_WARN_OBJC_LITERAL_CONVERSION = YES;
				CLANG_WARN_OBJC_ROOT_CLASS = YES_ERROR;
				CLANG_WARN_QUOTED_INCLUDE_IN_FRAMEWORK_HEADER = YES;
				CLANG_WARN_RANGE_LOOP_ANALYSIS = YES;
				CLANG_WARN_STRICT_PROTOTYPES = YES;
				CLANG_WARN_SUSPICIOUS_MOVE = YES;
				CLANG_WARN_UNGUARDED_AVAILABILITY = YES_AGGRESSIVE;
				CLANG_WARN_UNREACHABLE_CODE = YES;
				CLANG_WARN__DUPLICATE_METHOD_MATCH = YES;
				COPY_PHASE_STRIP = NO;
				DEBUG_INFORMATION_FORMAT = dwarf;
				ENABLE_STRICT_OBJC_MSGSEND = YES;
				ENABLE_TESTABILITY = YES;
				ENABLE_USER_SCRIPT_SANDBOXING = YES;
				GCC_C_LANGUAGE_STANDARD = gnu17;
				GCC_DYNAMIC_NO_PIC = NO;
				GCC_NO_COMMON_BLOCKS = YES;
				GCC_OPTIMIZATION_LEVEL = 0;
				GCC_PREPROCESSOR_DEFINITIONS = (
					"DEBUG=1",
					"$(inherited)",
				);
				GCC_WARN_64_TO_32_BIT_CONVERSION = YES;
				GCC_WARN_ABOUT_RETURN_TYPE = YES_ERROR;
				GCC_WARN_UNDECLARED_SELECTOR = YES;
				GCC_WARN_UNINITIALIZED_AUTOS = YES_AGGRESSIVE;
				GCC_WARN_UNUSED_FUNCTION = YES;
				GCC_WARN_UNUSED_VARIABLE = YES;
				LOCALIZATION_PREFERS_STRING_CATALOGS = YES;
				MTL_ENABLE_DEBUG_INFO = INCLUDE_SOURCE;
				MTL_FAST_MATH = YES;
				ONLY_ACTIVE_ARCH = YES;
				SWIFT_ACTIVE_COMPILATION_CONDITIONS = "DEBUG $(inherited)";
				SWIFT_OPTIMIZATION_LEVEL = "-Onone";
			};
			name = Debug;
		};
		21A34E3C2BD72FA000907D74 /* Release */ = {
			isa = XCBuildConfiguration;
			buildSettings = {
				ALWAYS_SEARCH_USER_PATHS = NO;
				ASSETCATALOG_COMPILER_GENERATE_SWIFT_ASSET_SYMBOL_EXTENSIONS = YES;
				CLANG_ANALYZER_NONNULL = YES;
				CLANG_ANALYZER_NUMBER_OBJECT_CONVERSION = YES_AGGRESSIVE;
				CLANG_CXX_LANGUAGE_STANDARD = "gnu++20";
				CLANG_ENABLE_MODULES = YES;
				CLANG_ENABLE_OBJC_ARC = YES;
				CLANG_ENABLE_OBJC_WEAK = YES;
				CLANG_WARN_BLOCK_CAPTURE_AUTORELEASING = YES;
				CLANG_WARN_BOOL_CONVERSION = YES;
				CLANG_WARN_COMMA = YES;
				CLANG_WARN_CONSTANT_CONVERSION = YES;
				CLANG_WARN_DEPRECATED_OBJC_IMPLEMENTATIONS = YES;
				CLANG_WARN_DIRECT_OBJC_ISA_USAGE = YES_ERROR;
				CLANG_WARN_DOCUMENTATION_COMMENTS = YES;
				CLANG_WARN_EMPTY_BODY = YES;
				CLANG_WARN_ENUM_CONVERSION = YES;
				CLANG_WARN_INFINITE_RECURSION = YES;
				CLANG_WARN_INT_CONVERSION = YES;
				CLANG_WARN_NON_LITERAL_NULL_CONVERSION = YES;
				CLANG_WARN_OBJC_IMPLICIT_RETAIN_SELF = YES;
				CLANG_WARN_OBJC_LITERAL_CONVERSION = YES;
				CLANG_WARN_OBJC_ROOT_CLASS = YES_ERROR;
				CLANG_WARN_QUOTED_INCLUDE_IN_FRAMEWORK_HEADER = YES;
				CLANG_WARN_RANGE_LOOP_ANALYSIS = YES;
				CLANG_WARN_STRICT_PROTOTYPES = YES;
				CLANG_WARN_SUSPICIOUS_MOVE = YES;
				CLANG_WARN_UNGUARDED_AVAILABILITY = YES_AGGRESSIVE;
				CLANG_WARN_UNREACHABLE_CODE = YES;
				CLANG_WARN__DUPLICATE_METHOD_MATCH = YES;
				COPY_PHASE_STRIP = NO;
				DEBUG_INFORMATION_FORMAT = "dwarf-with-dsym";
				ENABLE_NS_ASSERTIONS = NO;
				ENABLE_STRICT_OBJC_MSGSEND = YES;
				ENABLE_USER_SCRIPT_SANDBOXING = YES;
				GCC_C_LANGUAGE_STANDARD = gnu17;
				GCC_NO_COMMON_BLOCKS = YES;
				GCC_WARN_64_TO_32_BIT_CONVERSION = YES;
				GCC_WARN_ABOUT_RETURN_TYPE = YES_ERROR;
				GCC_WARN_UNDECLARED_SELECTOR = YES;
				GCC_WARN_UNINITIALIZED_AUTOS = YES_AGGRESSIVE;
				GCC_WARN_UNUSED_FUNCTION = YES;
				GCC_WARN_UNUSED_VARIABLE = YES;
				LOCALIZATION_PREFERS_STRING_CATALOGS = YES;
				MTL_ENABLE_DEBUG_INFO = NO;
				MTL_FAST_MATH = YES;
				SWIFT_COMPILATION_MODE = wholemodule;
			};
			name = Release;
		};
		21A34E3E2BD72FA000907D74 /* Debug */ = {
			isa = XCBuildConfiguration;
			buildSettings = {
				ASSETCATALOG_COMPILER_APPICON_NAME = AppIcon;
				ASSETCATALOG_COMPILER_GLOBAL_ACCENT_COLOR_NAME = AccentColor;
				CODE_SIGN_STYLE = Automatic;
				CURRENT_PROJECT_VERSION = 1;
				DEVELOPMENT_ASSET_PATHS = "\"UniTe Watch App/Preview Content\"";
				ENABLE_PREVIEWS = YES;
				GENERATE_INFOPLIST_FILE = YES;
				INFOPLIST_KEY_CFBundleDisplayName = UniTe;
				INFOPLIST_KEY_UISupportedInterfaceOrientations = "UIInterfaceOrientationPortrait UIInterfaceOrientationPortraitUpsideDown";
				INFOPLIST_KEY_WKWatchOnly = YES;
				LD_RUNPATH_SEARCH_PATHS = (
					"$(inherited)",
					"@executable_path/Frameworks",
				);
				MARKETING_VERSION = 1.0;
				PRODUCT_BUNDLE_IDENTIFIER = MobileApp.UniTe.watchkitapp;
				PRODUCT_NAME = "$(TARGET_NAME)";
				SDKROOT = watchos;
				SKIP_INSTALL = YES;
				SWIFT_EMIT_LOC_STRINGS = YES;
				SWIFT_VERSION = 5.0;
				TARGETED_DEVICE_FAMILY = 4;
				WATCHOS_DEPLOYMENT_TARGET = 10.4;
			};
			name = Debug;
		};
		21A34E3F2BD72FA000907D74 /* Release */ = {
			isa = XCBuildConfiguration;
			buildSettings = {
				ASSETCATALOG_COMPILER_APPICON_NAME = AppIcon;
				ASSETCATALOG_COMPILER_GLOBAL_ACCENT_COLOR_NAME = AccentColor;
				CODE_SIGN_STYLE = Automatic;
				CURRENT_PROJECT_VERSION = 1;
				DEVELOPMENT_ASSET_PATHS = "\"UniTe Watch App/Preview Content\"";
				ENABLE_PREVIEWS = YES;
				GENERATE_INFOPLIST_FILE = YES;
				INFOPLIST_KEY_CFBundleDisplayName = UniTe;
				INFOPLIST_KEY_UISupportedInterfaceOrientations = "UIInterfaceOrientationPortrait UIInterfaceOrientationPortraitUpsideDown";
				INFOPLIST_KEY_WKWatchOnly = YES;
				LD_RUNPATH_SEARCH_PATHS = (
					"$(inherited)",
					"@executable_path/Frameworks",
				);
				MARKETING_VERSION = 1.0;
				PRODUCT_BUNDLE_IDENTIFIER = MobileApp.UniTe.watchkitapp;
				PRODUCT_NAME = "$(TARGET_NAME)";
				SDKROOT = watchos;
				SKIP_INSTALL = YES;
				SWIFT_EMIT_LOC_STRINGS = YES;
				SWIFT_VERSION = 5.0;
				TARGETED_DEVICE_FAMILY = 4;
				VALIDATE_PRODUCT = YES;
				WATCHOS_DEPLOYMENT_TARGET = 10.4;
			};
			name = Release;
		};
		21A34E422BD72FA000907D74 /* Debug */ = {
			isa = XCBuildConfiguration;
			buildSettings = {
				ALWAYS_EMBED_SWIFT_STANDARD_LIBRARIES = YES;
				CODE_SIGN_STYLE = Automatic;
				CURRENT_PROJECT_VERSION = 1;
				INFOPLIST_KEY_CFBundleDisplayName = UniTe;
				MARKETING_VERSION = 1.0;
				PRODUCT_BUNDLE_IDENTIFIER = MobileApp.UniTe;
				PRODUCT_NAME = "$(TARGET_NAME)";
				SDKROOT = iphoneos;
				SWIFT_VERSION = 5.0;
			};
			name = Debug;
		};
		21A34E432BD72FA000907D74 /* Release */ = {
			isa = XCBuildConfiguration;
			buildSettings = {
				ALWAYS_EMBED_SWIFT_STANDARD_LIBRARIES = YES;
				CODE_SIGN_STYLE = Automatic;
				CURRENT_PROJECT_VERSION = 1;
				INFOPLIST_KEY_CFBundleDisplayName = UniTe;
				MARKETING_VERSION = 1.0;
				PRODUCT_BUNDLE_IDENTIFIER = MobileApp.UniTe;
				PRODUCT_NAME = "$(TARGET_NAME)";
				SDKROOT = iphoneos;
				SWIFT_VERSION = 5.0;
				VALIDATE_PRODUCT = YES;
			};
			name = Release;
		};
/* End XCBuildConfiguration section */

/* Begin XCConfigurationList section */
		21A34E242BD72F9A00907D74 /* Build configuration list for PBXProject "UniTe" */ = {
			isa = XCConfigurationList;
			buildConfigurations = (
				21A34E3B2BD72FA000907D74 /* Debug */,
				21A34E3C2BD72FA000907D74 /* Release */,
			);
			defaultConfigurationIsVisible = 0;
			defaultConfigurationName = Release;
		};
		21A34E3D2BD72FA000907D74 /* Build configuration list for PBXNativeTarget "UniTe Watch App" */ = {
			isa = XCConfigurationList;
			buildConfigurations = (
				21A34E3E2BD72FA000907D74 /* Debug */,
				21A34E3F2BD72FA000907D74 /* Release */,
			);
			defaultConfigurationIsVisible = 0;
			defaultConfigurationName = Release;
		};
		21A34E412BD72FA000907D74 /* Build configuration list for PBXNativeTarget "UniTe" */ = {
			isa = XCConfigurationList;
			buildConfigurations = (
				21A34E422BD72FA000907D74 /* Debug */,
				21A34E432BD72FA000907D74 /* Release */,
			);
			defaultConfigurationIsVisible = 0;
			defaultConfigurationName = Release;
		};
/* End XCConfigurationList section */
	};
	rootObject = 21A34E212BD72F9A00907D74 /* Project object */;
}
